
Microsoft Visual Studio Solution File, Format Version 12.00
# Visual Studio 14
VisualStudioVersion = 14.0.24720.0
MinimumVisualStudioVersion = 10.0.40219.1
Project("{FAE04EC0-301F-11D3-BF4B-00C04F79EFBC}") = "DartTraining", "DartTraining\DartTraining.csproj", "{C7A8CCBB-150B-4A94-82CF-DAA25D3DB22C}"
EndProject
Project("{FAE04EC0-301F-11D3-BF4B-00C04F79EFBC}") = "DartTrainingTests", "DartTrainingTests\DartTrainingTests.csproj", "{71E25A7A-F245-4393-BC4A-A52A4D92A194}"
EndProject
Project("{FAE04EC0-301F-11D3-BF4B-00C04F79EFBC}") = "DBInterface", "DBInterface\DBInterface.csproj", "{764B6836-AE1D-405C-848B-ECD8C9DC6785}"
EndProject
Project("{FAE04EC0-301F-11D3-BF4B-00C04F79EFBC}") = "DartTraining.Models.Tests", "DartTraining.Models.Tests\DartTraining.Models.Tests.csproj", "{59DD901F-8C85-4696-BBD3-E61C55D054E6}"
EndProject
Project("{FAE04EC0-301F-11D3-BF4B-00C04F79EFBC}") = "DartTraining.Models", "DartTraining.Models\DartTraining.Models.csproj", "{DED52782-D487-414A-903F-9505C4366C1B}"
EndProject
Global
	GlobalSection(SolutionConfigurationPlatforms) = preSolution
		Debug|Any CPU = Debug|Any CPU
		Release|Any CPU = Release|Any CPU
	EndGlobalSection
	GlobalSection(ProjectConfigurationPlatforms) = postSolution
		{C7A8CCBB-150B-4A94-82CF-DAA25D3DB22C}.Debug|Any CPU.ActiveCfg = Debug|Any CPU
		{C7A8CCBB-150B-4A94-82CF-DAA25D3DB22C}.Debug|Any CPU.Build.0 = Debug|Any CPU
		{C7A8CCBB-150B-4A94-82CF-DAA25D3DB22C}.Release|Any CPU.ActiveCfg = Release|Any CPU
		{C7A8CCBB-150B-4A94-82CF-DAA25D3DB22C}.Release|Any CPU.Build.0 = Release|Any CPU
		{71E25A7A-F245-4393-BC4A-A52A4D92A194}.Debug|Any CPU.ActiveCfg = Debug|Any CPU
		{71E25A7A-F245-4393-BC4A-A52A4D92A194}.Debug|Any CPU.Build.0 = Debug|Any CPU
		{71E25A7A-F245-4393-BC4A-A52A4D92A194}.Release|Any CPU.ActiveCfg = Release|Any CPU
		{71E25A7A-F245-4393-BC4A-A52A4D92A194}.Release|Any CPU.Build.0 = Release|Any CPU
		{764B6836-AE1D-405C-848B-ECD8C9DC6785}.Debug|Any CPU.ActiveCfg = Debug|Any CPU
		{764B6836-AE1D-405C-848B-ECD8C9DC6785}.Debug|Any CPU.Build.0 = Debug|Any CPU
		{764B6836-AE1D-405C-848B-ECD8C9DC6785}.Release|Any CPU.ActiveCfg = Release|Any CPU
		{764B6836-AE1D-405C-848B-ECD8C9DC6785}.Release|Any CPU.Build.0 = Release|Any CPU
		{59DD901F-8C85-4696-BBD3-E61C55D054E6}.Debug|Any CPU.ActiveCfg = Debug|Any CPU
		{59DD901F-8C85-4696-BBD3-E61C55D054E6}.Debug|Any CPU.Build.0 = Debug|Any CPU
		{59DD901F-8C85-4696-BBD3-E61C55D054E6}.Release|Any CPU.ActiveCfg = Release|Any CPU
		{59DD901F-8C85-4696-BBD3-E61C55D054E6}.Release|Any CPU.Build.0 = Release|Any CPU
		{DED52782-D487-414A-903F-9505C4366C1B}.Debug|Any CPU.ActiveCfg = Debug|Any CPU
		{DED52782-D487-414A-903F-9505C4366C1B}.Debug|Any CPU.Build.0 = Debug|Any CPU
		{DED52782-D487-414A-903F-9505C4366C1B}.Release|Any CPU.ActiveCfg = Release|Any CPU
		{DED52782-D487-414A-903F-9505C4366C1B}.Release|Any CPU.Build.0 = Release|Any CPU
	EndGlobalSection
	GlobalSection(SolutionProperties) = preSolution
		HideSolutionNode = FALSE
	EndGlobalSection
EndGlobal
